golang.org/x/sys v0.1.0 h1:kunALQeHf1/185U1i0GOB/fy1IPRDDpuoOOqRReG57U=
golang.org/x/sys v0.1.0/go.mod h1:oPkhp1MJrh7nUepCBck5+mAzfO9JrbApNNgaTdGDITg=
kilobit.ca/go/tested v0.0.4 h1:kEBjmW2Pbvl8B0s3gI4jrFkRJppnqjDWtySypb4ep4Y=
kilobit.ca/go/tested v0.0.4/go.mod h1:TUNnqjPPkY69RIerc55qah1acn/LrmvcTaa7x+b9aXk=
