golang.org/x/sys v0.0.0-20200420163511-1957bb5e6d1f h1:gWF768j/LaZugp8dyS4UwsslYCYz9XgFxvlgsn0n9H8=
golang.org/x/sys v0.0.0-20200420163511-1957bb5e6d1f/go.mod h1:h1NjWce9XRLGQEsW7wpKNCjG9DtNlClVuFLEZdDNbEs=
golang.org/x/sys v0.0.0-20201107080550-4d91cf3a1aaf h1:kt3wY1Lu5MJAnKTfoMR52Cu4gwvna4VTzNOiT8tY73s=
golang.org/x/sys v0.0.0-20201107080550-4d91cf3a1aaf/go.mod h1:h1NjWce9XRLGQEsW7wpKNCjG9DtNlClVuFLEZdDNbEs=
kilobit.ca/go/tested v0.0.3 h1:p2Eh6YK32SLmW5Ngq1YHetUqZbCvszGk+SnLwSWyuxU=
kilobit.ca/go/tested v0.0.3/go.mod h1:TUNnqjPPkY69RIerc55qah1acn/LrmvcTaa7x+b9aXk=
kilobit.ca/go/tested v0.0.4 h1:kEBjmW2Pbvl8B0s3gI4jrFkRJppnqjDWtySypb4ep4Y=
kilobit.ca/go/tested v0.0.4/go.mod h1:TUNnqjPPkY69RIerc55qah1acn/LrmvcTaa7x+b9aXk=
